%{"amrita": {:git, "git://github.com/josephwilk/amrita.git", "bc28aeb2c773a71808dd814a9390758da1af744c", []},
  "bcrypt": {:git, "git://github.com/opscode/erlang-bcrypt.git", "820283b0d329368f298afd22038340c888689a39", [tag: "0.5.0.3"]},
  "cowboy": {:hex, :cowboy, "1.0.0"},
  "cowlib": {:hex, :cowlib, "1.0.0"},
  "decimal": {:hex, :decimal, "0.2.5"},
  "ecto": {:hex, :ecto, "0.2.5"},
  "erlang-bcrypt": {:git, "git://github.com/opscode/erlang-bcrypt.git", "820283b0d329368f298afd22038340c888689a39", [tag: "0.5.0.3"]},
  "hound": {:hex, :hound, "0.5.8"},
  "ibrowse": {:git, "git://github.com/cmullaparthi/ibrowse.git", "e18ea912b62b0f4a48d0f0edc8bb2f542863a88c", []},
  "jsex": {:hex, :jsex, "2.0.0"},
  "jsx": {:hex, :jsx, "2.1.1"},
  "linguist": {:hex, :linguist, "0.1.2"},
  "meck": {:git, "git://github.com/eproxus/meck.git", "b1f313b4cecc3df05a477a93641bf0a24d858590", [branch: "master"]},
  "phoenix": {:git, "git://github.com/phoenixframework/phoenix.git", "5725804270575db72c31f23aa18124a12327dcd3", []},
  "plug": {:hex, :plug, "0.8.1"},
  "poison": {:hex, :poison, "1.2.0"},
  "poolboy": {:hex, :poolboy, "1.2.1"},
  "postgrex": {:hex, :postgrex, "0.6.0"},
  "ranch": {:hex, :ranch, "1.0.0"}}
