%{"amrita": {:git, "git://github.com/josephwilk/amrita.git", "bc28aeb2c773a71808dd814a9390758da1af744c", []},
  "bcrypt": {:git, "git://github.com/opscode/erlang-bcrypt.git", "820283b0d329368f298afd22038340c888689a39", [tag: "0.5.0.3"]},
  "cowboy": {:package, "1.0.0"},
  "cowlib": {:package, "1.0.0"},
  "decimal": {:package, "0.2.5"},
  "ecto": {:package, "0.2.5"},
  "erlang-bcrypt": {:git, "git://github.com/opscode/erlang-bcrypt.git", "820283b0d329368f298afd22038340c888689a39", [tag: "0.5.0.3"]},
  "linguist": {:package, "0.1.2"},
  "meck": {:git, "git://github.com/eproxus/meck.git", "b1f313b4cecc3df05a477a93641bf0a24d858590", [branch: "master"]},
  "phoenix": {:git, "git://github.com/phoenixframework/phoenix.git", "203b3558eeff218b4fdb866cd363ddec127a0c8e", []},
  "plug": {:package, "0.8.1"},
  "poison": {:package, "1.2.0"},
  "poolboy": {:package, "1.2.1"},
  "postgrex": {:package, "0.6.0"},
  "ranch": {:package, "1.0.0"}}
